
Microsoft Visual Studio Solution File, Format Version 12.00
# Visual Studio Version 16
VisualStudioVersion = 16.0.30717.126
MinimumVisualStudioVersion = 10.0.40219.1
Project("{9A19103F-16F7-4668-BE54-9A1E7A4F7556}") = "SampleWebAPIApplication", "SampleWebAPIApplication\SampleWebAPIApplication.csproj", "{AC1DB598-9436-493A-A728-987E7FD71899}"
EndProject
Project("{9A19103F-16F7-4668-BE54-9A1E7A4F7556}") = "TestSampleWebAPIApplication", "TestSampleWebAPIApplication\TestSampleWebAPIApplication.csproj", "{4F4B7DA5-E723-4EB9-8358-02DFA42313F9}"
EndProject
Project("{E53339B2-1760-4266-BCC7-CA923CBCF16C}") = "docker-compose", "docker-compose.dcproj", "{E5113CF5-AF68-459F-97B0-8E31571CA872}"
EndProject
Global
	GlobalSection(SolutionConfigurationPlatforms) = preSolution
		Debug|Any CPU = Debug|Any CPU
		Release|Any CPU = Release|Any CPU
	EndGlobalSection
	GlobalSection(ProjectConfigurationPlatforms) = postSolution
		{AC1DB598-9436-493A-A728-987E7FD71899}.Debug|Any CPU.ActiveCfg = Debug|Any CPU
		{AC1DB598-9436-493A-A728-987E7FD71899}.Debug|Any CPU.Build.0 = Debug|Any CPU
		{AC1DB598-9436-493A-A728-987E7FD71899}.Release|Any CPU.ActiveCfg = Release|Any CPU
		{AC1DB598-9436-493A-A728-987E7FD71899}.Release|Any CPU.Build.0 = Release|Any CPU
		{4F4B7DA5-E723-4EB9-8358-02DFA42313F9}.Debug|Any CPU.ActiveCfg = Debug|Any CPU
		{4F4B7DA5-E723-4EB9-8358-02DFA42313F9}.Debug|Any CPU.Build.0 = Debug|Any CPU
		{4F4B7DA5-E723-4EB9-8358-02DFA42313F9}.Release|Any CPU.ActiveCfg = Release|Any CPU
		{4F4B7DA5-E723-4EB9-8358-02DFA42313F9}.Release|Any CPU.Build.0 = Release|Any CPU
		{E5113CF5-AF68-459F-97B0-8E31571CA872}.Debug|Any CPU.ActiveCfg = Debug|Any CPU
		{E5113CF5-AF68-459F-97B0-8E31571CA872}.Debug|Any CPU.Build.0 = Debug|Any CPU
		{E5113CF5-AF68-459F-97B0-8E31571CA872}.Release|Any CPU.ActiveCfg = Release|Any CPU
		{E5113CF5-AF68-459F-97B0-8E31571CA872}.Release|Any CPU.Build.0 = Release|Any CPU
	EndGlobalSection
	GlobalSection(SolutionProperties) = preSolution
		HideSolutionNode = FALSE
	EndGlobalSection
	GlobalSection(ExtensibilityGlobals) = postSolution
		SolutionGuid = {170DB171-4E94-468B-9AD4-8FE308779263}
	EndGlobalSection
EndGlobal
